
Microsoft Visual Studio Solution File, Format Version 12.00
# Visual Studio Version 17
VisualStudioVersion = 17.6.33829.357
MinimumVisualStudioVersion = 10.0.40219.1
Project("{FAE04EC0-301F-11D3-BF4B-00C04F79EFBC}") = "SistemaDeTarefas", "SistemaDeTarefas\SistemaDeTarefas.csproj", "{8152809E-30C5-457A-9E4C-5B266E3160E5}"
EndProject
Global
	GlobalSection(SolutionConfigurationPlatforms) = preSolution
		Debug|Any CPU = Debug|Any CPU
		Release|Any CPU = Release|Any CPU
	EndGlobalSection
	GlobalSection(ProjectConfigurationPlatforms) = postSolution
		{8152809E-30C5-457A-9E4C-5B266E3160E5}.Debug|Any CPU.ActiveCfg = Debug|Any CPU
		{8152809E-30C5-457A-9E4C-5B266E3160E5}.Debug|Any CPU.Build.0 = Debug|Any CPU
		{8152809E-30C5-457A-9E4C-5B266E3160E5}.Release|Any CPU.ActiveCfg = Release|Any CPU
		{8152809E-30C5-457A-9E4C-5B266E3160E5}.Release|Any CPU.Build.0 = Release|Any CPU
	EndGlobalSection
	GlobalSection(SolutionProperties) = preSolution
		HideSolutionNode = FALSE
	EndGlobalSection
	GlobalSection(ExtensibilityGlobals) = postSolution
		SolutionGuid = {C6E578B0-FA86-4A57-88A8-16C8F61639FF}
	EndGlobalSection
EndGlobal
